schema: '2.0'
stages:
  preprocess:
    cmd: python src/data_visualization.py
    deps:
    - path: data/raw/bank-additional-full.csv
      hash: md5
      md5: f6cb2c1256ffe2836b36df321f46e92c
      size: 5834924
    - path: src/data_visualization.py
      hash: md5
      md5: e2761855e729c3a32dcb57a9b3e815b3
      size: 2278
    outs:
    - path: docs/figures
      hash: md5
      md5: 0e2953e71a174f3c586c5ace96d96a33.dir
      size: 133960
      nfiles: 4
  prepare_figures_dir:
    cmd: python -c "import os; os.makedirs('docs/figures', exist_ok=True)"
    outs:
    - path: docs/figures/
      hash: md5
      md5: d751713988987e9331980363e24189ce.dir
      size: 0
      nfiles: 0
  test_data_quality:
    cmd: pytest --html=docs/test_results/test_results.html --self-contained-html test/test_data_quality.py
    deps:
    - path: data/raw/bank-additional-full.csv
      hash: md5
      md5: f6cb2c1256ffe2836b36df321f46e92c
      size: 5834924
    - path: test/test_data_quality.py
      hash: md5
      md5: 58139f994bf7609ab08d299a58d5ebcd
      size: 2039
    outs:
    - path: docs/test_results/test_results.html
      hash: md5
      md5: 2d46a3b227c708efa93f120ba00588a7
      size: 33678
  test_data_gx:
    cmd: pytest --html=docs/test_results/test_results.html --self-contained-html  test/test_data_gx.py
    deps:
    - path: data/raw/bank-additional-full.csv
      hash: md5
      md5: f6cb2c1256ffe2836b36df321f46e92c
      size: 5834924
    - path: test/test_data_quality.py
      hash: md5
      md5: 58139f994bf7609ab08d299a58d5ebcd
      size: 2039
